
Microsoft Visual Studio Solution File, Format Version 12.00
# Visual Studio Version 17
VisualStudioVersion = 17.14.36705.20 d17.14
MinimumVisualStudioVersion = 10.0.40219.1
Project("{FAE04EC0-301F-11D3-BF4B-00C04F79EFBC}") = "webCinestar_WebForms_202620", "webCinestar_WebForms_202620.csproj", "{AC0CD186-2CE4-4106-A474-827D2E573912}"
EndProject
Global
	GlobalSection(SolutionConfigurationPlatforms) = preSolution
		Debug|Any CPU = Debug|Any CPU
		Release|Any CPU = Release|Any CPU
	EndGlobalSection
	GlobalSection(ProjectConfigurationPlatforms) = postSolution
		{AC0CD186-2CE4-4106-A474-827D2E573912}.Debug|Any CPU.ActiveCfg = Debug|Any CPU
		{AC0CD186-2CE4-4106-A474-827D2E573912}.Debug|Any CPU.Build.0 = Debug|Any CPU
		{AC0CD186-2CE4-4106-A474-827D2E573912}.Release|Any CPU.ActiveCfg = Release|Any CPU
		{AC0CD186-2CE4-4106-A474-827D2E573912}.Release|Any CPU.Build.0 = Release|Any CPU
	EndGlobalSection
	GlobalSection(SolutionProperties) = preSolution
		HideSolutionNode = FALSE
	EndGlobalSection
	GlobalSection(ExtensibilityGlobals) = postSolution
		SolutionGuid = {0995CE71-B84F-4E94-990D-8D3BE01D22C3}
	EndGlobalSection
EndGlobal
